
Microsoft Visual Studio Solution File, Format Version 12.00
# Visual Studio 15
VisualStudioVersion = 15.0.26124.0
MinimumVisualStudioVersion = 15.0.26124.0
Project("{9A19103F-16F7-4668-BE54-9A1E7A4F7556}") = "WebAPI", "WebAPI\WebAPI.csproj", "{E71775D2-1113-45FA-8BD4-F09F382A5F3F}"
EndProject
Project("{9A19103F-16F7-4668-BE54-9A1E7A4F7556}") = "LudoGameEngine", "LudoGameEngine\LudoGameEngine.csproj", "{03FFFD56-7131-466F-B4BD-A5C9C5971A4E}"
EndProject
Global
	GlobalSection(SolutionConfigurationPlatforms) = preSolution
		Debug|Any CPU = Debug|Any CPU
		Debug|x64 = Debug|x64
		Debug|x86 = Debug|x86
		Release|Any CPU = Release|Any CPU
		Release|x64 = Release|x64
		Release|x86 = Release|x86
	EndGlobalSection
	GlobalSection(ProjectConfigurationPlatforms) = postSolution
		{E71775D2-1113-45FA-8BD4-F09F382A5F3F}.Debug|Any CPU.ActiveCfg = Debug|Any CPU
		{E71775D2-1113-45FA-8BD4-F09F382A5F3F}.Debug|Any CPU.Build.0 = Debug|Any CPU
		{E71775D2-1113-45FA-8BD4-F09F382A5F3F}.Debug|x64.ActiveCfg = Debug|Any CPU
		{E71775D2-1113-45FA-8BD4-F09F382A5F3F}.Debug|x64.Build.0 = Debug|Any CPU
		{E71775D2-1113-45FA-8BD4-F09F382A5F3F}.Debug|x86.ActiveCfg = Debug|Any CPU
		{E71775D2-1113-45FA-8BD4-F09F382A5F3F}.Debug|x86.Build.0 = Debug|Any CPU
		{E71775D2-1113-45FA-8BD4-F09F382A5F3F}.Release|Any CPU.ActiveCfg = Release|Any CPU
		{E71775D2-1113-45FA-8BD4-F09F382A5F3F}.Release|Any CPU.Build.0 = Release|Any CPU
		{E71775D2-1113-45FA-8BD4-F09F382A5F3F}.Release|x64.ActiveCfg = Release|Any CPU
		{E71775D2-1113-45FA-8BD4-F09F382A5F3F}.Release|x64.Build.0 = Release|Any CPU
		{E71775D2-1113-45FA-8BD4-F09F382A5F3F}.Release|x86.ActiveCfg = Release|Any CPU
		{E71775D2-1113-45FA-8BD4-F09F382A5F3F}.Release|x86.Build.0 = Release|Any CPU
		{03FFFD56-7131-466F-B4BD-A5C9C5971A4E}.Debug|Any CPU.ActiveCfg = Debug|Any CPU
		{03FFFD56-7131-466F-B4BD-A5C9C5971A4E}.Debug|Any CPU.Build.0 = Debug|Any CPU
		{03FFFD56-7131-466F-B4BD-A5C9C5971A4E}.Debug|x64.ActiveCfg = Debug|Any CPU
		{03FFFD56-7131-466F-B4BD-A5C9C5971A4E}.Debug|x64.Build.0 = Debug|Any CPU
		{03FFFD56-7131-466F-B4BD-A5C9C5971A4E}.Debug|x86.ActiveCfg = Debug|Any CPU
		{03FFFD56-7131-466F-B4BD-A5C9C5971A4E}.Debug|x86.Build.0 = Debug|Any CPU
		{03FFFD56-7131-466F-B4BD-A5C9C5971A4E}.Release|Any CPU.ActiveCfg = Release|Any CPU
		{03FFFD56-7131-466F-B4BD-A5C9C5971A4E}.Release|Any CPU.Build.0 = Release|Any CPU
		{03FFFD56-7131-466F-B4BD-A5C9C5971A4E}.Release|x64.ActiveCfg = Release|Any CPU
		{03FFFD56-7131-466F-B4BD-A5C9C5971A4E}.Release|x64.Build.0 = Release|Any CPU
		{03FFFD56-7131-466F-B4BD-A5C9C5971A4E}.Release|x86.ActiveCfg = Release|Any CPU
		{03FFFD56-7131-466F-B4BD-A5C9C5971A4E}.Release|x86.Build.0 = Release|Any CPU
	EndGlobalSection
	GlobalSection(SolutionProperties) = preSolution
		HideSolutionNode = FALSE
	EndGlobalSection
	GlobalSection(ExtensibilityGlobals) = postSolution
		SolutionGuid = {0799371B-5F35-445E-B5EC-A899B6DA2FF8}
	EndGlobalSection
EndGlobal
